
Microsoft Visual Studio Solution File, Format Version 12.00
# Visual Studio Version 17
VisualStudioVersion = 17.7.34031.279
MinimumVisualStudioVersion = 10.0.40219.1
Project("{FAE04EC0-301F-11D3-BF4B-00C04F79EFBC}") = "test", "test.csproj", "{C776D238-67E1-4FB9-B293-55A45FA306CE}"
EndProject
Global
	GlobalSection(SolutionConfigurationPlatforms) = preSolution
		Debug|Any CPU = Debug|Any CPU
		Release|Any CPU = Release|Any CPU
	EndGlobalSection
	GlobalSection(ProjectConfigurationPlatforms) = postSolution
		{C776D238-67E1-4FB9-B293-55A45FA306CE}.Debug|Any CPU.ActiveCfg = Debug|Any CPU
		{C776D238-67E1-4FB9-B293-55A45FA306CE}.Debug|Any CPU.Build.0 = Debug|Any CPU
		{C776D238-67E1-4FB9-B293-55A45FA306CE}.Release|Any CPU.ActiveCfg = Release|Any CPU
		{C776D238-67E1-4FB9-B293-55A45FA306CE}.Release|Any CPU.Build.0 = Release|Any CPU
	EndGlobalSection
	GlobalSection(SolutionProperties) = preSolution
		HideSolutionNode = FALSE
	EndGlobalSection
	GlobalSection(ExtensibilityGlobals) = postSolution
		SolutionGuid = {C8988BBD-5F79-42A2-AC8A-9896038F6C24}
	EndGlobalSection
EndGlobal
